
Microsoft Visual Studio Solution File, Format Version 12.00
# Visual Studio 2012
Project("{FAE04EC0-301F-11D3-BF4B-00C04F79EFBC}") = "KineTechAnimation", "KineTechAnimation.csproj", "{EE36E01A-0751-4A20-8842-BD1356E80126}"
EndProject
Global
	GlobalSection(SolutionConfigurationPlatforms) = preSolution
		Debug|Any CPU = Debug|Any CPU
		Release|Any CPU = Release|Any CPU
	EndGlobalSection
	GlobalSection(ProjectConfigurationPlatforms) = postSolution
		{EE36E01A-0751-4A20-8842-BD1356E80126}.Debug|Any CPU.ActiveCfg = Debug|Any CPU
		{EE36E01A-0751-4A20-8842-BD1356E80126}.Debug|Any CPU.Build.0 = Debug|Any CPU
		{EE36E01A-0751-4A20-8842-BD1356E80126}.Release|Any CPU.ActiveCfg = Release|Any CPU
		{EE36E01A-0751-4A20-8842-BD1356E80126}.Release|Any CPU.Build.0 = Release|Any CPU
	EndGlobalSection
	GlobalSection(SolutionProperties) = preSolution
		HideSolutionNode = FALSE
	EndGlobalSection
EndGlobal
